
Microsoft Visual Studio Solution File, Format Version 12.00
# Visual Studio Version 17
VisualStudioVersion = 17.14.36221.1 d17.14
MinimumVisualStudioVersion = 10.0.40219.1
Project("{FAE04EC0-301F-11D3-BF4B-00C04F79EFBC}") = "Pizzacı uygulaması", "Pizzacı uygulaması\Pizzacı uygulaması.csproj", "{4630F40C-E7B7-48D8-904B-DCFDCEEB82CE}"
EndProject
Global
	GlobalSection(SolutionConfigurationPlatforms) = preSolution
		Debug|Any CPU = Debug|Any CPU
		Release|Any CPU = Release|Any CPU
	EndGlobalSection
	GlobalSection(ProjectConfigurationPlatforms) = postSolution
		{4630F40C-E7B7-48D8-904B-DCFDCEEB82CE}.Debug|Any CPU.ActiveCfg = Debug|Any CPU
		{4630F40C-E7B7-48D8-904B-DCFDCEEB82CE}.Debug|Any CPU.Build.0 = Debug|Any CPU
		{4630F40C-E7B7-48D8-904B-DCFDCEEB82CE}.Release|Any CPU.ActiveCfg = Release|Any CPU
		{4630F40C-E7B7-48D8-904B-DCFDCEEB82CE}.Release|Any CPU.Build.0 = Release|Any CPU
	EndGlobalSection
	GlobalSection(SolutionProperties) = preSolution
		HideSolutionNode = FALSE
	EndGlobalSection
	GlobalSection(ExtensibilityGlobals) = postSolution
		SolutionGuid = {006848F4-D709-4AAB-8852-C090BD0C088D}
	EndGlobalSection
EndGlobal
